<?xml version="1.0" encoding="utf-8"?>
<Project ToolsVersion="4.0" xmlns="http://schemas.microsoft.com/developer/msbuild/2003">
  <ItemGroup>
    <Filter Include="Source Files">
      <UniqueIdentifier>{4FC737F1-C7A5-4376-A066-2A32D752A2FF}</UniqueIdentifier>
      <Extensions>cpp;cxx;c;def</Extensions>
    </Filter>
    <Filter Include="Header Files">
      <UniqueIdentifier>{93995380-89BD-4b04-88EB-625FBE52EBFB}</UniqueIdentifier>
      <Extensions>h</Extensions>
    </Filter>
    <Filter Include="Form Files">
      <UniqueIdentifier>{99349809-55BA-4b9d-BF79-8FDBB0286EB3}</UniqueIdentifier>
      <Extensions>ui</Extensions>
    </Filter>
    <Filter Include="Resource Files">
      <UniqueIdentifier>{D9D6E242-F8AF-46E4-B9FD-80ECBC20BA3E}</UniqueIdentifier>
      <Extensions>qrc;*</Extensions>
      <ParseFiles>false</ParseFiles>
    </Filter>
    <Filter Include="Generated Files">
      <UniqueIdentifier>{71ED8ED8-ACB9-4CE9-BBE1-E00B30144E11}</UniqueIdentifier>
      <Extensions>moc;h;cpp</Extensions>
      <SourceControlFiles>False</SourceControlFiles>
    </Filter>
    <Filter Include="Generated Files\Debug">
      <UniqueIdentifier>{56bbd3a1-3d77-447a-a625-87c7e2deef29}</UniqueIdentifier>
      <Extensions>cpp;moc</Extensions>
      <SourceControlFiles>False</SourceControlFiles>
    </Filter>
    <Filter Include="Generated Files\Release">
      <UniqueIdentifier>{0f236759-8c4c-4ba7-a17b-481717dc3e0f}</UniqueIdentifier>
      <Extensions>cpp;moc</Extensions>
      <SourceControlFiles>False</SourceControlFiles>
    </Filter>
    <Filter Include="Header Files\windbg">
      <UniqueIdentifier>{aba27b7f-87ba-4fe7-b1c2-a2237368b2c1}</UniqueIdentifier>
    </Filter>
    <Filter Include="Source Files\windbg">
      <UniqueIdentifier>{940e81bd-db51-409e-9379-3b042cf2c666}</UniqueIdentifier>
    </Filter>
    <Filter Include="Source Files\tree">
      <UniqueIdentifier>{3355d6b7-11af-4236-b0dc-77ee9c0a56fa}</UniqueIdentifier>
    </Filter>
    <Filter Include="Header Files\tree">
      <UniqueIdentifier>{423d4240-5f04-4e30-bcb8-1c900b7a73da}</UniqueIdentifier>
    </Filter>
  </ItemGroup>
  <ItemGroup>
    <ClCompile Include="main.cpp">
      <Filter>Source Files</Filter>
    </ClCompile>
    <ClCompile Include="GeneratedFiles\Debug\moc_treemodel.cpp">
      <Filter>Generated Files\Debug</Filter>
    </ClCompile>
    <ClCompile Include="GeneratedFiles\Release\moc_treemodel.cpp">
      <Filter>Generated Files\Release</Filter>
    </ClCompile>
    <ClCompile Include="Utils.cpp">
      <Filter>Source Files</Filter>
    </ClCompile>
    <ClCompile Include="DetoursTest.cpp">
      <Filter>Source Files</Filter>
    </ClCompile>
    <ClCompile Include="GeneratedFiles\Debug\moc_VisualMemory.cpp">
      <Filter>Generated Files\Debug</Filter>
    </ClCompile>
    <ClCompile Include="GeneratedFiles\Release\moc_VisualMemory.cpp">
      <Filter>Generated Files\Release</Filter>
    </ClCompile>
    <ClCompile Include="GeneratedFiles\qrc_VisualMemory.cpp">
      <Filter>Generated Files</Filter>
    </ClCompile>
    <ClCompile Include="VisualMemory.cpp">
      <Filter>Source Files</Filter>
    </ClCompile>
    <ClCompile Include="windbg\DebugSession.cpp">
      <Filter>Source Files\windbg</Filter>
    </ClCompile>
    <ClCompile Include="windbg\dHandler.cpp">
      <Filter>Source Files\windbg</Filter>
    </ClCompile>
    <ClCompile Include="windbg\gHandler.cpp">
      <Filter>Source Files\windbg</Filter>
    </ClCompile>
    <ClCompile Include="windbg\HelperFunctions.cpp">
      <Filter>Source Files\windbg</Filter>
    </ClCompile>
    <ClCompile Include="windbg\rHandler.cpp">
      <Filter>Source Files\windbg</Filter>
    </ClCompile>
    <ClCompile Include="windbg\sHandler.cpp">
      <Filter>Source Files\windbg</Filter>
    </ClCompile>
    <ClCompile Include="windbg\tHandler.cpp">
      <Filter>Source Files\windbg</Filter>
    </ClCompile>
    <ClCompile Include="tree\treemodel.cpp">
      <Filter>Source Files\tree</Filter>
    </ClCompile>
    <ClCompile Include="tree\treeitem.cpp">
      <Filter>Source Files\tree</Filter>
    </ClCompile>
    <ClCompile Include="dllmain.cpp">
      <Filter>Source Files</Filter>
    </ClCompile>
    <ClCompile Include="highcompare\CallStackDataController.cpp">
      <Filter>Source Files</Filter>
    </ClCompile>
    <ClCompile Include="..\IPCDll\Server.cpp">
      <Filter>Source Files</Filter>
    </ClCompile>
    <ClCompile Include="..\IPCDll\ShareMemory.cpp">
      <Filter>Source Files</Filter>
    </ClCompile>
    <ClCompile Include="GTJCommon.cpp">
      <Filter>Source Files</Filter>
    </ClCompile>
    <ClCompile Include="EnumPeb.cpp">
      <Filter>Source Files</Filter>
    </ClCompile>
  </ItemGroup>
  <ItemGroup>
    <CustomBuild Include="VisualMemory.ui">
      <Filter>Form Files</Filter>
    </CustomBuild>
    <CustomBuild Include="VisualMemory.h">
      <Filter>Header Files</Filter>
    </CustomBuild>
    <CustomBuild Include="VisualMemory.qrc">
      <Filter>Resource Files</Filter>
    </CustomBuild>
    <CustomBuild Include="tree\treemodel.h">
      <Filter>Header Files\tree</Filter>
    </CustomBuild>
    <CustomBuild Include="DetoursTest.h">
      <Filter>Header Files</Filter>
    </CustomBuild>
    <CustomBuild Include="Utils.h">
      <Filter>Header Files</Filter>
    </CustomBuild>
  </ItemGroup>
  <ItemGroup>
    <ClInclude Include="GeneratedFiles\ui_VisualMemory.h">
      <Filter>Generated Files</Filter>
    </ClInclude>
    <ClInclude Include="windbg\CmdHandlers.h">
      <Filter>Header Files\windbg</Filter>
    </ClInclude>
    <ClInclude Include="windbg\Command.h">
      <Filter>Header Files\windbg</Filter>
    </ClInclude>
    <ClInclude Include="windbg\DebugSession.h">
      <Filter>Header Files\windbg</Filter>
    </ClInclude>
    <ClInclude Include="windbg\HelperFunctions.h">
      <Filter>Header Files\windbg</Filter>
    </ClInclude>
    <ClInclude Include="tree\treeitem.h">
      <Filter>Header Files\tree</Filter>
    </ClInclude>
    <ClInclude Include="VisualMemory_global.h">
      <Filter>Header Files</Filter>
    </ClInclude>
    <ClInclude Include="CommonDef.h">
      <Filter>Header Files</Filter>
    </ClInclude>
    <ClInclude Include="highcompare\CallStackDataController.h">
      <Filter>Header Files</Filter>
    </ClInclude>
    <ClInclude Include="..\IPCDll\Server.h">
      <Filter>Header Files</Filter>
    </ClInclude>
    <ClInclude Include="..\IPCDll\ShareMemory.h">
      <Filter>Header Files</Filter>
    </ClInclude>
    <ClInclude Include="GTJCommon.h">
      <Filter>Header Files</Filter>
    </ClInclude>
    <ClInclude Include="EnumPeb.h">
      <Filter>Header Files</Filter>
    </ClInclude>
  </ItemGroup>
</Project>